
Microsoft Visual Studio Solution File, Format Version 12.00
# Visual Studio Version 17
VisualStudioVersion = 17.8.34322.80
MinimumVisualStudioVersion = 10.0.40219.1
Project("{FAE04EC0-301F-11D3-BF4B-00C04F79EFBC}") = "demo1", "demo1\demo1.csproj", "{B61DBA85-1131-4B8F-BCA8-A6E7077704E1}"
EndProject
Global
	GlobalSection(SolutionConfigurationPlatforms) = preSolution
		Debug|Any CPU = Debug|Any CPU
		Release|Any CPU = Release|Any CPU
	EndGlobalSection
	GlobalSection(ProjectConfigurationPlatforms) = postSolution
		{B61DBA85-1131-4B8F-BCA8-A6E7077704E1}.Debug|Any CPU.ActiveCfg = Debug|Any CPU
		{B61DBA85-1131-4B8F-BCA8-A6E7077704E1}.Debug|Any CPU.Build.0 = Debug|Any CPU
		{B61DBA85-1131-4B8F-BCA8-A6E7077704E1}.Release|Any CPU.ActiveCfg = Release|Any CPU
		{B61DBA85-1131-4B8F-BCA8-A6E7077704E1}.Release|Any CPU.Build.0 = Release|Any CPU
	EndGlobalSection
	GlobalSection(SolutionProperties) = preSolution
		HideSolutionNode = FALSE
	EndGlobalSection
	GlobalSection(ExtensibilityGlobals) = postSolution
		SolutionGuid = {1D12DF26-E995-4409-A905-08FB67F8509B}
	EndGlobalSection
EndGlobal
