
Microsoft Visual Studio Solution File, Format Version 12.00
# Visual Studio Version 17
VisualStudioVersion = 17.8.34322.80
MinimumVisualStudioVersion = 10.0.40219.1
Project("{FAE04EC0-301F-11D3-BF4B-00C04F79EFBC}") = "Practice_problems", "Practice_problems\Practice_problems.csproj", "{D399BCAE-DF73-484A-8783-3F09240C03D7}"
EndProject
Global
	GlobalSection(SolutionConfigurationPlatforms) = preSolution
		Debug|Any CPU = Debug|Any CPU
		Release|Any CPU = Release|Any CPU
	EndGlobalSection
	GlobalSection(ProjectConfigurationPlatforms) = postSolution
		{D399BCAE-DF73-484A-8783-3F09240C03D7}.Debug|Any CPU.ActiveCfg = Debug|Any CPU
		{D399BCAE-DF73-484A-8783-3F09240C03D7}.Debug|Any CPU.Build.0 = Debug|Any CPU
		{D399BCAE-DF73-484A-8783-3F09240C03D7}.Release|Any CPU.ActiveCfg = Release|Any CPU
		{D399BCAE-DF73-484A-8783-3F09240C03D7}.Release|Any CPU.Build.0 = Release|Any CPU
	EndGlobalSection
	GlobalSection(SolutionProperties) = preSolution
		HideSolutionNode = FALSE
	EndGlobalSection
	GlobalSection(ExtensibilityGlobals) = postSolution
		SolutionGuid = {68280022-3FAB-45C9-A541-5BC91285B84E}
	EndGlobalSection
EndGlobal
